
Microsoft Visual Studio Solution File, Format Version 12.00
# Visual Studio Version 17
VisualStudioVersion = 17.11.35431.28
MinimumVisualStudioVersion = 10.0.40219.1
Project("{FAE04EC0-301F-11D3-BF4B-00C04F79EFBC}") = "Terminkalender", "Terminkalender\Terminkalender.csproj", "{F92982FA-77D6-49EC-9164-6E0EFB23A307}"
EndProject
Global
	GlobalSection(SolutionConfigurationPlatforms) = preSolution
		Debug|Any CPU = Debug|Any CPU
		Release|Any CPU = Release|Any CPU
	EndGlobalSection
	GlobalSection(ProjectConfigurationPlatforms) = postSolution
		{F92982FA-77D6-49EC-9164-6E0EFB23A307}.Debug|Any CPU.ActiveCfg = Debug|Any CPU
		{F92982FA-77D6-49EC-9164-6E0EFB23A307}.Debug|Any CPU.Build.0 = Debug|Any CPU
		{F92982FA-77D6-49EC-9164-6E0EFB23A307}.Release|Any CPU.ActiveCfg = Release|Any CPU
		{F92982FA-77D6-49EC-9164-6E0EFB23A307}.Release|Any CPU.Build.0 = Release|Any CPU
	EndGlobalSection
	GlobalSection(SolutionProperties) = preSolution
		HideSolutionNode = FALSE
	EndGlobalSection
	GlobalSection(ExtensibilityGlobals) = postSolution
		SolutionGuid = {BC893891-C67A-4A55-854D-34DA56781859}
	EndGlobalSection
EndGlobal
